// !$*UTF8*$!
{
	archiveVersion = 1;
	classes = {
	};
	objectVersion = 53;
	objects = {

/* Begin PBXBuildFile section */
		BC3D24AB282CF630005F7351 /* AppDelegate.swift in Sources */ = {isa = PBXBuildFile; fileRef = BC3D24AA282CF630005F7351 /* AppDelegate.swift */; };
		BC3D24AD282CF630005F7351 /* SceneDelegate.swift in Sources */ = {isa = PBXBuildFile; fileRef = BC3D24AC282CF630005F7351 /* SceneDelegate.swift */; };
		BC3D24AF282CF630005F7351 /* ViewController.swift in Sources */ = {isa = PBXBuildFile; fileRef = BC3D24AE282CF630005F7351 /* ViewController.swift */; };
		BC3D24B2282CF630005F7351 /* Main.storyboard in Resources */ = {isa = PBXBuildFile; fileRef = BC3D24B0282CF630005F7351 /* Main.storyboard */; };
		BC3D24B4282CF630005F7351 /* Assets.xcassets in Resources */ = {isa = PBXBuildFile; fileRef = BC3D24B3282CF630005F7351 /* Assets.xcassets */; };
		BC3D24B7282CF630005F7351 /* LaunchScreen.storyboard in Resources */ = {isa = PBXBuildFile; fileRef = BC3D24B5282CF630005F7351 /* LaunchScreen.storyboard */; };
		BC72A6E3282E5DCD000820A2 /* ImagesGrid.swift in Sources */ = {isa = PBXBuildFile; fileRef = BC72A6E2282E5DCD000820A2 /* ImagesGrid.swift */; };
		BCDC4E1828527D0700B25A47 /* UIView+extension.swift in Sources */ = {isa = PBXBuildFile; fileRef = BCDC4E1728527D0700B25A47 /* UIView+extension.swift */; };
		BCDCA503283983E400BCED87 /* ThirstySoftRegular.otf in Resources */ = {isa = PBXBuildFile; fileRef = BCDCA502283983E400BCED87 /* ThirstySoftRegular.otf */; };
		BCDCA5052839840400BCED87 /* Delm-Medium.otf in Resources */ = {isa = PBXBuildFile; fileRef = BCDCA5042839840400BCED87 /* Delm-Medium.otf */; };
/* End PBXBuildFile section */

/* Begin PBXFileReference section */
		BC3D24A7282CF630005F7351 /* Instagrid.app */ = {isa = PBXFileReference; explicitFileType = wrapper.application; includeInIndex = 0; path = Instagrid.app; sourceTree = BUILT_PRODUCTS_DIR; };
		BC3D24AA282CF630005F7351 /* AppDelegate.swift */ = {isa = PBXFileReference; lastKnownFileType = sourcecode.swift; path = AppDelegate.swift; sourceTree = "<group>"; };
		BC3D24AC282CF630005F7351 /* SceneDelegate.swift */ = {isa = PBXFileReference; lastKnownFileType = sourcecode.swift; path = SceneDelegate.swift; sourceTree = "<group>"; };
		BC3D24AE282CF630005F7351 /* ViewController.swift */ = {isa = PBXFileReference; lastKnownFileType = sourcecode.swift; path = ViewController.swift; sourceTree = "<group>"; };
		BC3D24B1282CF630005F7351 /* Base */ = {isa = PBXFileReference; lastKnownFileType = file.storyboard; name = Base; path = Base.lproj/Main.storyboard; sourceTree = "<group>"; };
		BC3D24B3282CF630005F7351 /* Assets.xcassets */ = {isa = PBXFileReference; lastKnownFileType = folder.assetcatalog; path = Assets.xcassets; sourceTree = "<group>"; };
		BC3D24B6282CF630005F7351 /* Base */ = {isa = PBXFileReference; lastKnownFileType = file.storyboard; name = Base; path = Base.lproj/LaunchScreen.storyboard; sourceTree = "<group>"; };
		BC3D24B8282CF630005F7351 /* Info.plist */ = {isa = PBXFileReference; lastKnownFileType = text.plist.xml; path = Info.plist; sourceTree = "<group>"; };
		BC72A6E2282E5DCD000820A2 /* ImagesGrid.swift */ = {isa = PBXFileReference; lastKnownFileType = sourcecode.swift; path = ImagesGrid.swift; sourceTree = "<group>"; };
		BCDC4E1728527D0700B25A47 /* UIView+extension.swift */ = {isa = PBXFileReference; lastKnownFileType = sourcecode.swift; path = "UIView+extension.swift"; sourceTree = "<group>"; };
		BCDCA502283983E400BCED87 /* ThirstySoftRegular.otf */ = {isa = PBXFileReference; lastKnownFileType = file; path = ThirstySoftRegular.otf; sourceTree = "<group>"; };
		BCDCA5042839840400BCED87 /* Delm-Medium.otf */ = {isa = PBXFileReference; lastKnownFileType = file; path = "Delm-Medium.otf"; sourceTree = "<group>"; };
/* End PBXFileReference section */

/* Begin PBXFrameworksBuildPhase section */
		BC3D24A4282CF630005F7351 /* Frameworks */ = {
			isa = PBXFrameworksBuildPhase;
			buildActionMask = 2147483647;
			files = (
			);
			runOnlyForDeploymentPostprocessing = 0;
		};
/* End PBXFrameworksBuildPhase section */

/* Begin PBXGroup section */
		BC3D249E282CF630005F7351 = {
			isa = PBXGroup;
			children = (
				BC3D24A9282CF630005F7351 /* Instagrid */,
				BC3D24A8282CF630005F7351 /* Products */,
			);
			sourceTree = "<group>";
		};
		BC3D24A8282CF630005F7351 /* Products */ = {
			isa = PBXGroup;
			children = (
				BC3D24A7282CF630005F7351 /* Instagrid.app */,
			);
			name = Products;
			sourceTree = "<group>";
		};
		BC3D24A9282CF630005F7351 /* Instagrid */ = {
			isa = PBXGroup;
			children = (
				BC3D24C0282CF8EC005F7351 /* Model */,
				BC3D24C1282CF8FF005F7351 /* View */,
				BC3D24BF282CF8E4005F7351 /* Controller */,
				BC3D24BE282CF8CE005F7351 /* FilesUsed */,
			);
			path = Instagrid;
			sourceTree = "<group>";
		};
		BC3D24BE282CF8CE005F7351 /* FilesUsed */ = {
			isa = PBXGroup;
			children = (
				BC3D24B8282CF630005F7351 /* Info.plist */,
				BC3D24AA282CF630005F7351 /* AppDelegate.swift */,
				BC3D24AC282CF630005F7351 /* SceneDelegate.swift */,
				BC3D24B3282CF630005F7351 /* Assets.xcassets */,
				BC3D24B5282CF630005F7351 /* LaunchScreen.storyboard */,
				BCDCA502283983E400BCED87 /* ThirstySoftRegular.otf */,
				BCDCA5042839840400BCED87 /* Delm-Medium.otf */,
			);
			path = FilesUsed;
			sourceTree = "<group>";
		};
		BC3D24BF282CF8E4005F7351 /* Controller */ = {
			isa = PBXGroup;
			children = (
				BC3D24AE282CF630005F7351 /* ViewController.swift */,
			);
			path = Controller;
			sourceTree = "<group>";
		};
		BC3D24C0282CF8EC005F7351 /* Model */ = {
			isa = PBXGroup;
			children = (
				BC72A6E2282E5DCD000820A2 /* ImagesGrid.swift */,
			);
			path = Model;
			sourceTree = "<group>";
		};
		BC3D24C1282CF8FF005F7351 /* View */ = {
			isa = PBXGroup;
			children = (
				BC3D24B0282CF630005F7351 /* Main.storyboard */,
				BCDC4E1728527D0700B25A47 /* UIView+extension.swift */,
			);
			path = View;
			sourceTree = "<group>";
		};
/* End PBXGroup section */

/* Begin PBXNativeTarget section */
		BC3D24A6282CF630005F7351 /* Instagrid */ = {
			isa = PBXNativeTarget;
			buildConfigurationList = BC3D24BB282CF630005F7351 /* Build configuration list for PBXNativeTarget "Instagrid" */;
			buildPhases = (
				BC3D24A3282CF630005F7351 /* Sources */,
				BC3D24A4282CF630005F7351 /* Frameworks */,
				BC3D24A5282CF630005F7351 /* Resources */,
			);
			buildRules = (
			);
			dependencies = (
			);
			name = Instagrid;
			productName = Instagrid;
			productReference = BC3D24A7282CF630005F7351 /* Instagrid.app */;
			productType = "com.apple.product-type.application";
		};
/* End PBXNativeTarget section */

/* Begin PBXProject section */
		BC3D249F282CF630005F7351 /* Project object */ = {
			isa = PBXProject;
			attributes = {
				BuildIndependentTargetsInParallel = 1;
				LastSwiftUpdateCheck = 1330;
				LastUpgradeCheck = 1330;
				TargetAttributes = {
					BC3D24A6282CF630005F7351 = {
						CreatedOnToolsVersion = 13.3.1;
					};
				};
			};
			buildConfigurationList = BC3D24A2282CF630005F7351 /* Build configuration list for PBXProject "Instagrid" */;
			compatibilityVersion = "Xcode 11.0";
			developmentRegion = en;
			hasScannedForEncodings = 0;
			knownRegions = (
				en,
				Base,
			);
			mainGroup = BC3D249E282CF630005F7351;
			productRefGroup = BC3D24A8282CF630005F7351 /* Products */;
			projectDirPath = "";
			projectRoot = "";
			targets = (
				BC3D24A6282CF630005F7351 /* Instagrid */,
			);
		};
/* End PBXProject section */

/* Begin PBXResourcesBuildPhase section */
		BC3D24A5282CF630005F7351 /* Resources */ = {
			isa = PBXResourcesBuildPhase;
			buildActionMask = 2147483647;
			files = (
				BCDCA503283983E400BCED87 /* ThirstySoftRegular.otf in Resources */,
				BCDCA5052839840400BCED87 /* Delm-Medium.otf in Resources */,
				BC3D24B7282CF630005F7351 /* LaunchScreen.storyboard in Resources */,
				BC3D24B4282CF630005F7351 /* Assets.xcassets in Resources */,
				BC3D24B2282CF630005F7351 /* Main.storyboard in Resources */,
			);
			runOnlyForDeploymentPostprocessing = 0;
		};
/* End PBXResourcesBuildPhase section */

/* Begin PBXSourcesBuildPhase section */
		BC3D24A3282CF630005F7351 /* Sources */ = {
			isa = PBXSourcesBuildPhase;
			buildActionMask = 2147483647;
			files = (
				BCDC4E1828527D0700B25A47 /* UIView+extension.swift in Sources */,
				BC72A6E3282E5DCD000820A2 /* ImagesGrid.swift in Sources */,
				BC3D24AF282CF630005F7351 /* ViewController.swift in Sources */,
				BC3D24AB282CF630005F7351 /* AppDelegate.swift in Sources */,
				BC3D24AD282CF630005F7351 /* SceneDelegate.swift in Sources */,
			);
			runOnlyForDeploymentPostprocessing = 0;
		};
/* End PBXSourcesBuildPhase section */

/* Begin PBXVariantGroup section */
		BC3D24B0282CF630005F7351 /* Main.storyboard */ = {
			isa = PBXVariantGroup;
			children = (
				BC3D24B1282CF630005F7351 /* Base */,
			);
			name = Main.storyboard;
			sourceTree = "<group>";
		};
		BC3D24B5282CF630005F7351 /* LaunchScreen.storyboard */ = {
			isa = PBXVariantGroup;
			children = (
				BC3D24B6282CF630005F7351 /* Base */,
			);
			name = LaunchScreen.storyboard;
			sourceTree = "<group>";
		};
/* End PBXVariantGroup section */

/* Begin XCBuildConfiguration section */
		BC3D24B9282CF630005F7351 /* Debug */ = {
			isa = XCBuildConfiguration;
			buildSettings = {
				ALWAYS_SEARCH_USER_PATHS = NO;
				CLANG_ANALYZER_NONNULL = YES;
				CLANG_ANALYZER_NUMBER_OBJECT_CONVERSION = YES_AGGRESSIVE;
				CLANG_CXX_LANGUAGE_STANDARD = "gnu++17";
				CLANG_ENABLE_MODULES = YES;
				CLANG_ENABLE_OBJC_ARC = YES;
				CLANG_ENABLE_OBJC_WEAK = YES;
				CLANG_WARN_BLOCK_CAPTURE_AUTORELEASING = YES;
				CLANG_WARN_BOOL_CONVERSION = YES;
				CLANG_WARN_COMMA = YES;
				CLANG_WARN_CONSTANT_CONVERSION = YES;
				CLANG_WARN_DEPRECATED_OBJC_IMPLEMENTATIONS = YES;
				CLANG_WARN_DIRECT_OBJC_ISA_USAGE = YES_ERROR;
				CLANG_WARN_DOCUMENTATION_COMMENTS = YES;
				CLANG_WARN_EMPTY_BODY = YES;
				CLANG_WARN_ENUM_CONVERSION = YES;
				CLANG_WARN_INFINITE_RECURSION = YES;
				CLANG_WARN_INT_CONVERSION = YES;
				CLANG_WARN_NON_LITERAL_NULL_CONVERSION = YES;
				CLANG_WARN_OBJC_IMPLICIT_RETAIN_SELF = YES;
				CLANG_WARN_OBJC_LITERAL_CONVERSION = YES;
				CLANG_WARN_OBJC_ROOT_CLASS = YES_ERROR;
				CLANG_WARN_QUOTED_INCLUDE_IN_FRAMEWORK_HEADER = YES;
				CLANG_WARN_RANGE_LOOP_ANALYSIS = YES;
				CLANG_WARN_STRICT_PROTOTYPES = YES;
				CLANG_WARN_SUSPICIOUS_MOVE = YES;
				CLANG_WARN_UNGUARDED_AVAILABILITY = YES_AGGRESSIVE;
				CLANG_WARN_UNREACHABLE_CODE = YES;
				CLANG_WARN__DUPLICATE_METHOD_MATCH = YES;
				COPY_PHASE_STRIP = NO;
				DEBUG_INFORMATION_FORMAT = dwarf;
				ENABLE_STRICT_OBJC_MSGSEND = YES;
				ENABLE_TESTABILITY = YES;
				GCC_C_LANGUAGE_STANDARD = gnu11;
				GCC_DYNAMIC_NO_PIC = NO;
				GCC_NO_COMMON_BLOCKS = YES;
				GCC_OPTIMIZATION_LEVEL = 0;
				GCC_PREPROCESSOR_DEFINITIONS = (
					"DEBUG=1",
					"$(inherited)",
				);
				GCC_WARN_64_TO_32_BIT_CONVERSION = YES;
				GCC_WARN_ABOUT_RETURN_TYPE = YES_ERROR;
				GCC_WARN_UNDECLARED_SELECTOR = YES;
				GCC_WARN_UNINITIALIZED_AUTOS = YES_AGGRESSIVE;
				GCC_WARN_UNUSED_FUNCTION = YES;
				GCC_WARN_UNUSED_VARIABLE = YES;
				IPHONEOS_DEPLOYMENT_TARGET = 15.4;
				MTL_ENABLE_DEBUG_INFO = INCLUDE_SOURCE;
				MTL_FAST_MATH = YES;
				ONLY_ACTIVE_ARCH = YES;
				SDKROOT = iphoneos;
				SWIFT_ACTIVE_COMPILATION_CONDITIONS = DEBUG;
				SWIFT_OPTIMIZATION_LEVEL = "-Onone";
			};
			name = Debug;
		};
		BC3D24BA282CF630005F7351 /* Release */ = {
			isa = XCBuildConfiguration;
			buildSettings = {
				ALWAYS_SEARCH_USER_PATHS = NO;
				CLANG_ANALYZER_NONNULL = YES;
				CLANG_ANALYZER_NUMBER_OBJECT_CONVERSION = YES_AGGRESSIVE;
				CLANG_CXX_LANGUAGE_STANDARD = "gnu++17";
				CLANG_ENABLE_MODULES = YES;
				CLANG_ENABLE_OBJC_ARC = YES;
				CLANG_ENABLE_OBJC_WEAK = YES;
				CLANG_WARN_BLOCK_CAPTURE_AUTORELEASING = YES;
				CLANG_WARN_BOOL_CONVERSION = YES;
				CLANG_WARN_COMMA = YES;
				CLANG_WARN_CONSTANT_CONVERSION = YES;
				CLANG_WARN_DEPRECATED_OBJC_IMPLEMENTATIONS = YES;
				CLANG_WARN_DIRECT_OBJC_ISA_USAGE = YES_ERROR;
				CLANG_WARN_DOCUMENTATION_COMMENTS = YES;
				CLANG_WARN_EMPTY_BODY = YES;
				CLANG_WARN_ENUM_CONVERSION = YES;
				CLANG_WARN_INFINITE_RECURSION = YES;
				CLANG_WARN_INT_CONVERSION = YES;
				CLANG_WARN_NON_LITERAL_NULL_CONVERSION = YES;
				CLANG_WARN_OBJC_IMPLICIT_RETAIN_SELF = YES;
				CLANG_WARN_OBJC_LITERAL_CONVERSION = YES;
				CLANG_WARN_OBJC_ROOT_CLASS = YES_ERROR;
				CLANG_WARN_QUOTED_INCLUDE_IN_FRAMEWORK_HEADER = YES;
				CLANG_WARN_RANGE_LOOP_ANALYSIS = YES;
				CLANG_WARN_STRICT_PROTOTYPES = YES;
				CLANG_WARN_SUSPICIOUS_MOVE = YES;
				CLANG_WARN_UNGUARDED_AVAILABILITY = YES_AGGRESSIVE;
				CLANG_WARN_UNREACHABLE_CODE = YES;
				CLANG_WARN__DUPLICATE_METHOD_MATCH = YES;
				COPY_PHASE_STRIP = NO;
				DEBUG_INFORMATION_FORMAT = "dwarf-with-dsym";
				ENABLE_NS_ASSERTIONS = NO;
				ENABLE_STRICT_OBJC_MSGSEND = YES;
				GCC_C_LANGUAGE_STANDARD = gnu11;
				GCC_NO_COMMON_BLOCKS = YES;
				GCC_WARN_64_TO_32_BIT_CONVERSION = YES;
				GCC_WARN_ABOUT_RETURN_TYPE = YES_ERROR;
				GCC_WARN_UNDECLARED_SELECTOR = YES;
				GCC_WARN_UNINITIALIZED_AUTOS = YES_AGGRESSIVE;
				GCC_WARN_UNUSED_FUNCTION = YES;
				GCC_WARN_UNUSED_VARIABLE = YES;
				IPHONEOS_DEPLOYMENT_TARGET = 15.4;
				MTL_ENABLE_DEBUG_INFO = NO;
				MTL_FAST_MATH = YES;
				SDKROOT = iphoneos;
				SWIFT_COMPILATION_MODE = wholemodule;
				SWIFT_OPTIMIZATION_LEVEL = "-O";
				VALIDATE_PRODUCT = YES;
			};
			name = Release;
		};
		BC3D24BC282CF630005F7351 /* Debug */ = {
			isa = XCBuildConfiguration;
			buildSettings = {
				ASSETCATALOG_COMPILER_APPICON_NAME = AppIcon;
				ASSETCATALOG_COMPILER_GLOBAL_ACCENT_COLOR_NAME = AccentColor;
				CODE_SIGN_STYLE = Automatic;
				CURRENT_PROJECT_VERSION = 1;
				DEVELOPMENT_TEAM = 9MRD2CZ6V7;
				GENERATE_INFOPLIST_FILE = YES;
				INFOPLIST_FILE = Instagrid/FilesUsed/Info.plist;
				INFOPLIST_KEY_CFBundleDisplayName = Instagrid;
				INFOPLIST_KEY_NSCameraUsageDescription = "Add a photo into app by camera";
				INFOPLIST_KEY_NSPhotoLibraryUsageDescription = "Add a photo into app by gallery";
				INFOPLIST_KEY_UIApplicationSupportsIndirectInputEvents = YES;
				INFOPLIST_KEY_UILaunchStoryboardName = LaunchScreen;
				INFOPLIST_KEY_UIMainStoryboardFile = Main;
				INFOPLIST_KEY_UISupportedInterfaceOrientations = "UIInterfaceOrientationPortrait UIInterfaceOrientationLandscapeLeft UIInterfaceOrientationLandscapeRight";
				INFOPLIST_KEY_UISupportedInterfaceOrientations_iPad = "UIInterfaceOrientationPortrait UIInterfaceOrientationPortraitUpsideDown UIInterfaceOrientationLandscapeLeft UIInterfaceOrientationLandscapeRight";
				INFOPLIST_KEY_UISupportedInterfaceOrientations_iPhone = "UIInterfaceOrientationPortrait UIInterfaceOrientationLandscapeLeft UIInterfaceOrientationLandscapeRight";
				IPHONEOS_DEPLOYMENT_TARGET = 15.0;
				LD_RUNPATH_SEARCH_PATHS = (
					"$(inherited)",
					"@executable_path/Frameworks",
				);
				MARKETING_VERSION = 1.0;
				PRODUCT_BUNDLE_IDENTIFIER = fr.gregDeveaux.Instagrid;
				PRODUCT_NAME = "$(TARGET_NAME)";
				SWIFT_EMIT_LOC_STRINGS = YES;
				SWIFT_VERSION = 5.0;
				TARGETED_DEVICE_FAMILY = "1,2";
			};
			name = Debug;
		};
		BC3D24BD282CF630005F7351 /* Release */ = {
			isa = XCBuildConfiguration;
			buildSettings = {
				ASSETCATALOG_COMPILER_APPICON_NAME = AppIcon;
				ASSETCATALOG_COMPILER_GLOBAL_ACCENT_COLOR_NAME = AccentColor;
				CODE_SIGN_STYLE = Automatic;
				CURRENT_PROJECT_VERSION = 1;
				DEVELOPMENT_TEAM = 9MRD2CZ6V7;
				GENERATE_INFOPLIST_FILE = YES;
				INFOPLIST_FILE = Instagrid/FilesUsed/Info.plist;
				INFOPLIST_KEY_CFBundleDisplayName = Instagrid;
				INFOPLIST_KEY_NSCameraUsageDescription = "Add a photo into app by camera";
				INFOPLIST_KEY_NSPhotoLibraryUsageDescription = "Add a photo into app by gallery";
				INFOPLIST_KEY_UIApplicationSupportsIndirectInputEvents = YES;
				INFOPLIST_KEY_UILaunchStoryboardName = LaunchScreen;
				INFOPLIST_KEY_UIMainStoryboardFile = Main;
				INFOPLIST_KEY_UISupportedInterfaceOrientations = "UIInterfaceOrientationPortrait UIInterfaceOrientationLandscapeLeft UIInterfaceOrientationLandscapeRight";
				INFOPLIST_KEY_UISupportedInterfaceOrientations_iPad = "UIInterfaceOrientationPortrait UIInterfaceOrientationPortraitUpsideDown UIInterfaceOrientationLandscapeLeft UIInterfaceOrientationLandscapeRight";
				INFOPLIST_KEY_UISupportedInterfaceOrientations_iPhone = "UIInterfaceOrientationPortrait UIInterfaceOrientationLandscapeLeft UIInterfaceOrientationLandscapeRight";
				IPHONEOS_DEPLOYMENT_TARGET = 15.0;
				LD_RUNPATH_SEARCH_PATHS = (
					"$(inherited)",
					"@executable_path/Frameworks",
				);
				MARKETING_VERSION = 1.0;
				PRODUCT_BUNDLE_IDENTIFIER = fr.gregDeveaux.Instagrid;
				PRODUCT_NAME = "$(TARGET_NAME)";
				SWIFT_EMIT_LOC_STRINGS = YES;
				SWIFT_VERSION = 5.0;
				TARGETED_DEVICE_FAMILY = "1,2";
			};
			name = Release;
		};
/* End XCBuildConfiguration section */

/* Begin XCConfigurationList section */
		BC3D24A2282CF630005F7351 /* Build configuration list for PBXProject "Instagrid" */ = {
			isa = XCConfigurationList;
			buildConfigurations = (
				BC3D24B9282CF630005F7351 /* Debug */,
				BC3D24BA282CF630005F7351 /* Release */,
			);
			defaultConfigurationIsVisible = 0;
			defaultConfigurationName = Release;
		};
		BC3D24BB282CF630005F7351 /* Build configuration list for PBXNativeTarget "Instagrid" */ = {
			isa = XCConfigurationList;
			buildConfigurations = (
				BC3D24BC282CF630005F7351 /* Debug */,
				BC3D24BD282CF630005F7351 /* Release */,
			);
			defaultConfigurationIsVisible = 0;
			defaultConfigurationName = Release;
		};
/* End XCConfigurationList section */
	};
	rootObject = BC3D249F282CF630005F7351 /* Project object */;
}
